
Microsoft Visual Studio Solution File, Format Version 12.00
# Visual Studio Version 17
VisualStudioVersion = 17.2.32630.192
MinimumVisualStudioVersion = 10.0.40219.1
Project("{FAE04EC0-301F-11D3-BF4B-00C04F79EFBC}") = "Auto Twitter", "Auto Twitter\Auto Twitter.csproj", "{2A6C6336-88ED-4BB8-8E1A-38D789678A78}"
EndProject
Global
	GlobalSection(SolutionConfigurationPlatforms) = preSolution
		Debug|Any CPU = Debug|Any CPU
		Release|Any CPU = Release|Any CPU
	EndGlobalSection
	GlobalSection(ProjectConfigurationPlatforms) = postSolution
		{2A6C6336-88ED-4BB8-8E1A-38D789678A78}.Debug|Any CPU.ActiveCfg = Debug|Any CPU
		{2A6C6336-88ED-4BB8-8E1A-38D789678A78}.Debug|Any CPU.Build.0 = Debug|Any CPU
		{2A6C6336-88ED-4BB8-8E1A-38D789678A78}.Release|Any CPU.ActiveCfg = Release|Any CPU
		{2A6C6336-88ED-4BB8-8E1A-38D789678A78}.Release|Any CPU.Build.0 = Release|Any CPU
	EndGlobalSection
	GlobalSection(SolutionProperties) = preSolution
		HideSolutionNode = FALSE
	EndGlobalSection
	GlobalSection(ExtensibilityGlobals) = postSolution
		SolutionGuid = {5EE5BA10-227E-4674-AFE9-47A1ED944B35}
	EndGlobalSection
EndGlobal
